
Microsoft Visual Studio Solution File, Format Version 12.00
# Visual Studio Version 17
VisualStudioVersion = 17.9.34728.123
MinimumVisualStudioVersion = 10.0.40219.1
Project("{9A19103F-16F7-4668-BE54-9A1E7A4F7556}") = "MedicalAttention_API", "MedicalAttention_API\MedicalAttention_API.csproj", "{B4AA32D7-B692-402F-924A-561AF4C0C361}"
EndProject
Project("{2150E333-8FDC-42A3-9474-1A3956D46DE8}") = "Elementos de la solución", "Elementos de la solución", "{96A86F89-9D05-4EB8-9AA8-DBC32B5564BC}"
EndProject
Project("{E53339B2-1760-4266-BCC7-CA923CBCF16C}") = "docker-compose", "docker-compose.dcproj", "{21342D9C-344D-47A8-B1BA-A9A1F78B67AD}"
EndProject
Global
	GlobalSection(SolutionConfigurationPlatforms) = preSolution
		Debug|Any CPU = Debug|Any CPU
		Release|Any CPU = Release|Any CPU
	EndGlobalSection
	GlobalSection(ProjectConfigurationPlatforms) = postSolution
		{B4AA32D7-B692-402F-924A-561AF4C0C361}.Debug|Any CPU.ActiveCfg = Debug|Any CPU
		{B4AA32D7-B692-402F-924A-561AF4C0C361}.Debug|Any CPU.Build.0 = Debug|Any CPU
		{B4AA32D7-B692-402F-924A-561AF4C0C361}.Release|Any CPU.ActiveCfg = Release|Any CPU
		{B4AA32D7-B692-402F-924A-561AF4C0C361}.Release|Any CPU.Build.0 = Release|Any CPU
		{21342D9C-344D-47A8-B1BA-A9A1F78B67AD}.Debug|Any CPU.ActiveCfg = Debug|Any CPU
		{21342D9C-344D-47A8-B1BA-A9A1F78B67AD}.Debug|Any CPU.Build.0 = Debug|Any CPU
		{21342D9C-344D-47A8-B1BA-A9A1F78B67AD}.Release|Any CPU.ActiveCfg = Release|Any CPU
		{21342D9C-344D-47A8-B1BA-A9A1F78B67AD}.Release|Any CPU.Build.0 = Release|Any CPU
	EndGlobalSection
	GlobalSection(SolutionProperties) = preSolution
		HideSolutionNode = FALSE
	EndGlobalSection
	GlobalSection(ExtensibilityGlobals) = postSolution
		SolutionGuid = {0D92FBC2-F4F7-4144-81AC-60CB608CFC95}
	EndGlobalSection
EndGlobal
